// !$*UTF8*$!
{
	archiveVersion = 1;
	classes = {
	};
	objectVersion = 46;
	objects = {

/* Begin PBXBuildFile section */
		052769E61EA8F360009AB833 /* UIImage+Flipped.swift in Sources */ = {isa = PBXBuildFile; fileRef = 052769E51EA8F360009AB833 /* UIImage+Flipped.swift */; };
		0553B2741E9CF92E00E76010 /* BubbleImage.swift in Sources */ = {isa = PBXBuildFile; fileRef = 0553B2731E9CF92E00E76010 /* BubbleImage.swift */; };
		055DA17F1E9296600091279C /* AppDelegate.swift in Sources */ = {isa = PBXBuildFile; fileRef = 055DA17E1E9296600091279C /* AppDelegate.swift */; };
		055DA1811E9296600091279C /* ViewController.swift in Sources */ = {isa = PBXBuildFile; fileRef = 055DA1801E9296600091279C /* ViewController.swift */; };
		055DA1841E9296600091279C /* Main.storyboard in Resources */ = {isa = PBXBuildFile; fileRef = 055DA1821E9296600091279C /* Main.storyboard */; };
		055DA1861E9296600091279C /* Assets.xcassets in Resources */ = {isa = PBXBuildFile; fileRef = 055DA1851E9296600091279C /* Assets.xcassets */; };
		055DA1891E9296600091279C /* LaunchScreen.storyboard in Resources */ = {isa = PBXBuildFile; fileRef = 055DA1871E9296600091279C /* LaunchScreen.storyboard */; };
		055DA1AA1E9296F80091279C /* MessagesView.framework in Frameworks */ = {isa = PBXBuildFile; fileRef = 05ECAF841E7ADF8400833D84 /* MessagesView.framework */; };
		055DA1AB1E9296F80091279C /* MessagesView.framework in Embed Frameworks */ = {isa = PBXBuildFile; fileRef = 05ECAF841E7ADF8400833D84 /* MessagesView.framework */; settings = {ATTRIBUTES = (CodeSignOnCopy, RemoveHeadersOnCopy, ); }; };
		055DA1B21E929CCD0091279C /* TestData.swift in Sources */ = {isa = PBXBuildFile; fileRef = 055DA1B11E929CCD0091279C /* TestData.swift */; };
		05925ADF1E82D21B00421928 /* MessagesView.swift in Headers */ = {isa = PBXBuildFile; fileRef = 05ECAFA51E7ADFEF00833D84 /* MessagesView.swift */; settings = {ATTRIBUTES = (Public, ); }; };
		05925AE71E82E24A00421928 /* MessagesViewSettings.swift in Headers */ = {isa = PBXBuildFile; fileRef = 05ECAFAA1E7ADFEF00833D84 /* MessagesViewSettings.swift */; settings = {ATTRIBUTES = (Public, ); }; };
		05B94A351E842FC400CAB715 /* UIColor+RGB.swift in Sources */ = {isa = PBXBuildFile; fileRef = 05B94A341E842FC400CAB715 /* UIColor+RGB.swift */; };
		05ECAF8E1E7ADF8400833D84 /* MessagesView.framework in Frameworks */ = {isa = PBXBuildFile; fileRef = 05ECAF841E7ADF8400833D84 /* MessagesView.framework */; };
		05ECAF931E7ADF8400833D84 /* MessagesViewTests.swift in Sources */ = {isa = PBXBuildFile; fileRef = 05ECAF921E7ADF8400833D84 /* MessagesViewTests.swift */; };
		05ECAF951E7ADF8400833D84 /* MessagesView.h in Headers */ = {isa = PBXBuildFile; fileRef = 05ECAF871E7ADF8400833D84 /* MessagesView.h */; settings = {ATTRIBUTES = (Public, ); }; };
		05ECAFAB1E7ADFEF00833D84 /* MessageCollectionViewCell.swift in Sources */ = {isa = PBXBuildFile; fileRef = 05ECAF9E1E7ADFEF00833D84 /* MessageCollectionViewCell.swift */; };
		05ECAFAC1E7ADFEF00833D84 /* MessageCollectionViewCell.xib in Resources */ = {isa = PBXBuildFile; fileRef = 05ECAF9F1E7ADFEF00833D84 /* MessageCollectionViewCell.xib */; };
		05ECAFAD1E7ADFEF00833D84 /* MessageEditorTextView.swift in Sources */ = {isa = PBXBuildFile; fileRef = 05ECAFA01E7ADFEF00833D84 /* MessageEditorTextView.swift */; };
		05ECAFAE1E7ADFEF00833D84 /* MessagesCollectionView.swift in Sources */ = {isa = PBXBuildFile; fileRef = 05ECAFA11E7ADFEF00833D84 /* MessagesCollectionView.swift */; };
		05ECAFAF1E7ADFEF00833D84 /* MessagesInputToolbar.swift in Sources */ = {isa = PBXBuildFile; fileRef = 05ECAFA21E7ADFEF00833D84 /* MessagesInputToolbar.swift */; };
		05ECAFB01E7ADFEF00833D84 /* MessagesToolbarContentView.swift in Sources */ = {isa = PBXBuildFile; fileRef = 05ECAFA31E7ADFEF00833D84 /* MessagesToolbarContentView.swift */; };
		05ECAFB11E7ADFEF00833D84 /* MessagesToolbarContentView.xib in Resources */ = {isa = PBXBuildFile; fileRef = 05ECAFA41E7ADFEF00833D84 /* MessagesToolbarContentView.xib */; };
		05ECAFB21E7ADFEF00833D84 /* MessagesView.swift in Sources */ = {isa = PBXBuildFile; fileRef = 05ECAFA51E7ADFEF00833D84 /* MessagesView.swift */; };
		05ECAFB31E7ADFEF00833D84 /* MessagesView.xib in Resources */ = {isa = PBXBuildFile; fileRef = 05ECAFA61E7ADFEF00833D84 /* MessagesView.xib */; };
		05ECAFB71E7ADFEF00833D84 /* MessagesViewSettings.swift in Sources */ = {isa = PBXBuildFile; fileRef = 05ECAFAA1E7ADFEF00833D84 /* MessagesViewSettings.swift */; };
/* End PBXBuildFile section */

/* Begin PBXContainerItemProxy section */
		055DA1AC1E9296F80091279C /* PBXContainerItemProxy */ = {
			isa = PBXContainerItemProxy;
			containerPortal = 05ECAF7B1E7ADF8400833D84 /* Project object */;
			proxyType = 1;
			remoteGlobalIDString = 05ECAF831E7ADF8400833D84;
			remoteInfo = MessagesView;
		};
		05ECAF8F1E7ADF8400833D84 /* PBXContainerItemProxy */ = {
			isa = PBXContainerItemProxy;
			containerPortal = 05ECAF7B1E7ADF8400833D84 /* Project object */;
			proxyType = 1;
			remoteGlobalIDString = 05ECAF831E7ADF8400833D84;
			remoteInfo = MessagesView;
		};
/* End PBXContainerItemProxy section */

/* Begin PBXCopyFilesBuildPhase section */
		055DA1AE1E9296F80091279C /* Embed Frameworks */ = {
			isa = PBXCopyFilesBuildPhase;
			buildActionMask = 2147483647;
			dstPath = "";
			dstSubfolderSpec = 10;
			files = (
				055DA1AB1E9296F80091279C /* MessagesView.framework in Embed Frameworks */,
			);
			name = "Embed Frameworks";
			runOnlyForDeploymentPostprocessing = 0;
		};
/* End PBXCopyFilesBuildPhase section */

/* Begin PBXFileReference section */
		052769E51EA8F360009AB833 /* UIImage+Flipped.swift */ = {isa = PBXFileReference; fileEncoding = 4; lastKnownFileType = sourcecode.swift; path = "UIImage+Flipped.swift"; sourceTree = "<group>"; };
		0553B2731E9CF92E00E76010 /* BubbleImage.swift */ = {isa = PBXFileReference; fileEncoding = 4; lastKnownFileType = sourcecode.swift; path = BubbleImage.swift; sourceTree = "<group>"; };
		055DA17C1E9296600091279C /* Demo.app */ = {isa = PBXFileReference; explicitFileType = wrapper.application; includeInIndex = 0; path = Demo.app; sourceTree = BUILT_PRODUCTS_DIR; };
		055DA17E1E9296600091279C /* AppDelegate.swift */ = {isa = PBXFileReference; lastKnownFileType = sourcecode.swift; path = AppDelegate.swift; sourceTree = "<group>"; };
		055DA1801E9296600091279C /* ViewController.swift */ = {isa = PBXFileReference; lastKnownFileType = sourcecode.swift; path = ViewController.swift; sourceTree = "<group>"; };
		055DA1831E9296600091279C /* Base */ = {isa = PBXFileReference; lastKnownFileType = file.storyboard; name = Base; path = Base.lproj/Main.storyboard; sourceTree = "<group>"; };
		055DA1851E9296600091279C /* Assets.xcassets */ = {isa = PBXFileReference; lastKnownFileType = folder.assetcatalog; path = Assets.xcassets; sourceTree = "<group>"; };
		055DA1881E9296600091279C /* Base */ = {isa = PBXFileReference; lastKnownFileType = file.storyboard; name = Base; path = Base.lproj/LaunchScreen.storyboard; sourceTree = "<group>"; };
		055DA18A1E9296600091279C /* Info.plist */ = {isa = PBXFileReference; lastKnownFileType = text.plist.xml; path = Info.plist; sourceTree = "<group>"; };
		055DA1931E9296600091279C /* DemoTests.swift */ = {isa = PBXFileReference; lastKnownFileType = sourcecode.swift; path = DemoTests.swift; sourceTree = "<group>"; };
		055DA1951E9296600091279C /* Info.plist */ = {isa = PBXFileReference; lastKnownFileType = text.plist.xml; path = Info.plist; sourceTree = "<group>"; };
		055DA19E1E9296600091279C /* DemoUITests.swift */ = {isa = PBXFileReference; lastKnownFileType = sourcecode.swift; path = DemoUITests.swift; sourceTree = "<group>"; };
		055DA1A01E9296600091279C /* Info.plist */ = {isa = PBXFileReference; lastKnownFileType = text.plist.xml; path = Info.plist; sourceTree = "<group>"; };
		055DA1B11E929CCD0091279C /* TestData.swift */ = {isa = PBXFileReference; fileEncoding = 4; lastKnownFileType = sourcecode.swift; path = TestData.swift; sourceTree = "<group>"; };
		05B94A341E842FC400CAB715 /* UIColor+RGB.swift */ = {isa = PBXFileReference; fileEncoding = 4; lastKnownFileType = sourcecode.swift; path = "UIColor+RGB.swift"; sourceTree = "<group>"; };
		05ECAF841E7ADF8400833D84 /* MessagesView.framework */ = {isa = PBXFileReference; explicitFileType = wrapper.framework; includeInIndex = 0; path = MessagesView.framework; sourceTree = BUILT_PRODUCTS_DIR; };
		05ECAF871E7ADF8400833D84 /* MessagesView.h */ = {isa = PBXFileReference; lastKnownFileType = sourcecode.c.h; path = MessagesView.h; sourceTree = "<group>"; };
		05ECAF881E7ADF8400833D84 /* Info.plist */ = {isa = PBXFileReference; lastKnownFileType = text.plist.xml; path = Info.plist; sourceTree = "<group>"; };
		05ECAF8D1E7ADF8400833D84 /* MessagesViewTests.xctest */ = {isa = PBXFileReference; explicitFileType = wrapper.cfbundle; includeInIndex = 0; path = MessagesViewTests.xctest; sourceTree = BUILT_PRODUCTS_DIR; };
		05ECAF921E7ADF8400833D84 /* MessagesViewTests.swift */ = {isa = PBXFileReference; lastKnownFileType = sourcecode.swift; path = MessagesViewTests.swift; sourceTree = "<group>"; };
		05ECAF941E7ADF8400833D84 /* Info.plist */ = {isa = PBXFileReference; lastKnownFileType = text.plist.xml; path = Info.plist; sourceTree = "<group>"; };
		05ECAF9E1E7ADFEF00833D84 /* MessageCollectionViewCell.swift */ = {isa = PBXFileReference; fileEncoding = 4; lastKnownFileType = sourcecode.swift; path = MessageCollectionViewCell.swift; sourceTree = "<group>"; };
		05ECAF9F1E7ADFEF00833D84 /* MessageCollectionViewCell.xib */ = {isa = PBXFileReference; fileEncoding = 4; lastKnownFileType = file.xib; path = MessageCollectionViewCell.xib; sourceTree = "<group>"; };
		05ECAFA01E7ADFEF00833D84 /* MessageEditorTextView.swift */ = {isa = PBXFileReference; fileEncoding = 4; lastKnownFileType = sourcecode.swift; path = MessageEditorTextView.swift; sourceTree = "<group>"; };
		05ECAFA11E7ADFEF00833D84 /* MessagesCollectionView.swift */ = {isa = PBXFileReference; fileEncoding = 4; lastKnownFileType = sourcecode.swift; path = MessagesCollectionView.swift; sourceTree = "<group>"; };
		05ECAFA21E7ADFEF00833D84 /* MessagesInputToolbar.swift */ = {isa = PBXFileReference; fileEncoding = 4; lastKnownFileType = sourcecode.swift; path = MessagesInputToolbar.swift; sourceTree = "<group>"; };
		05ECAFA31E7ADFEF00833D84 /* MessagesToolbarContentView.swift */ = {isa = PBXFileReference; fileEncoding = 4; lastKnownFileType = sourcecode.swift; path = MessagesToolbarContentView.swift; sourceTree = "<group>"; };
		05ECAFA41E7ADFEF00833D84 /* MessagesToolbarContentView.xib */ = {isa = PBXFileReference; fileEncoding = 4; lastKnownFileType = file.xib; path = MessagesToolbarContentView.xib; sourceTree = "<group>"; };
		05ECAFA51E7ADFEF00833D84 /* MessagesView.swift */ = {isa = PBXFileReference; fileEncoding = 4; lastKnownFileType = sourcecode.swift; path = MessagesView.swift; sourceTree = "<group>"; };
		05ECAFA61E7ADFEF00833D84 /* MessagesView.xib */ = {isa = PBXFileReference; fileEncoding = 4; lastKnownFileType = file.xib; path = MessagesView.xib; sourceTree = "<group>"; };
		05ECAFAA1E7ADFEF00833D84 /* MessagesViewSettings.swift */ = {isa = PBXFileReference; fileEncoding = 4; lastKnownFileType = sourcecode.swift; path = MessagesViewSettings.swift; sourceTree = "<group>"; };
/* End PBXFileReference section */

/* Begin PBXFrameworksBuildPhase section */
		055DA1791E9296600091279C /* Frameworks */ = {
			isa = PBXFrameworksBuildPhase;
			buildActionMask = 2147483647;
			files = (
				055DA1AA1E9296F80091279C /* MessagesView.framework in Frameworks */,
			);
			runOnlyForDeploymentPostprocessing = 0;
		};
		05ECAF801E7ADF8400833D84 /* Frameworks */ = {
			isa = PBXFrameworksBuildPhase;
			buildActionMask = 2147483647;
			files = (
			);
			runOnlyForDeploymentPostprocessing = 0;
		};
		05ECAF8A1E7ADF8400833D84 /* Frameworks */ = {
			isa = PBXFrameworksBuildPhase;
			buildActionMask = 2147483647;
			files = (
				05ECAF8E1E7ADF8400833D84 /* MessagesView.framework in Frameworks */,
			);
			runOnlyForDeploymentPostprocessing = 0;
		};
/* End PBXFrameworksBuildPhase section */

/* Begin PBXGroup section */
		055DA17D1E9296600091279C /* Demo */ = {
			isa = PBXGroup;
			children = (
				055DA17E1E9296600091279C /* AppDelegate.swift */,
				055DA1801E9296600091279C /* ViewController.swift */,
				055DA1B11E929CCD0091279C /* TestData.swift */,
				055DA1821E9296600091279C /* Main.storyboard */,
				055DA1851E9296600091279C /* Assets.xcassets */,
				055DA1871E9296600091279C /* LaunchScreen.storyboard */,
				055DA18A1E9296600091279C /* Info.plist */,
			);
			path = Demo;
			sourceTree = "<group>";
		};
		055DA1921E9296600091279C /* DemoTests */ = {
			isa = PBXGroup;
			children = (
				055DA1931E9296600091279C /* DemoTests.swift */,
				055DA1951E9296600091279C /* Info.plist */,
			);
			path = DemoTests;
			sourceTree = "<group>";
		};
		055DA19D1E9296600091279C /* DemoUITests */ = {
			isa = PBXGroup;
			children = (
				055DA19E1E9296600091279C /* DemoUITests.swift */,
				055DA1A01E9296600091279C /* Info.plist */,
			);
			path = DemoUITests;
			sourceTree = "<group>";
		};
		05ECAF7A1E7ADF8400833D84 = {
			isa = PBXGroup;
			children = (
				05ECAF861E7ADF8400833D84 /* MessagesView */,
				05ECAF911E7ADF8400833D84 /* MessagesViewTests */,
				055DA17D1E9296600091279C /* Demo */,
				055DA1921E9296600091279C /* DemoTests */,
				055DA19D1E9296600091279C /* DemoUITests */,
				05ECAF851E7ADF8400833D84 /* Products */,
			);
			sourceTree = "<group>";
		};
		05ECAF851E7ADF8400833D84 /* Products */ = {
			isa = PBXGroup;
			children = (
				05ECAF841E7ADF8400833D84 /* MessagesView.framework */,
				05ECAF8D1E7ADF8400833D84 /* MessagesViewTests.xctest */,
				055DA17C1E9296600091279C /* Demo.app */,
			);
			name = Products;
			sourceTree = "<group>";
		};
		05ECAF861E7ADF8400833D84 /* MessagesView */ = {
			isa = PBXGroup;
			children = (
				05ECAF871E7ADF8400833D84 /* MessagesView.h */,
				05B94A341E842FC400CAB715 /* UIColor+RGB.swift */,
				052769E51EA8F360009AB833 /* UIImage+Flipped.swift */,
				05ECAF881E7ADF8400833D84 /* Info.plist */,
				05ECAF9E1E7ADFEF00833D84 /* MessageCollectionViewCell.swift */,
				05ECAF9F1E7ADFEF00833D84 /* MessageCollectionViewCell.xib */,
				05ECAFA01E7ADFEF00833D84 /* MessageEditorTextView.swift */,
				05ECAFA11E7ADFEF00833D84 /* MessagesCollectionView.swift */,
				05ECAFA21E7ADFEF00833D84 /* MessagesInputToolbar.swift */,
				05ECAFA31E7ADFEF00833D84 /* MessagesToolbarContentView.swift */,
				05ECAFA41E7ADFEF00833D84 /* MessagesToolbarContentView.xib */,
				05ECAFA51E7ADFEF00833D84 /* MessagesView.swift */,
				05ECAFA61E7ADFEF00833D84 /* MessagesView.xib */,
				05ECAFAA1E7ADFEF00833D84 /* MessagesViewSettings.swift */,
				0553B2731E9CF92E00E76010 /* BubbleImage.swift */,
			);
			path = MessagesView;
			sourceTree = "<group>";
		};
		05ECAF911E7ADF8400833D84 /* MessagesViewTests */ = {
			isa = PBXGroup;
			children = (
				05ECAF921E7ADF8400833D84 /* MessagesViewTests.swift */,
				05ECAF941E7ADF8400833D84 /* Info.plist */,
			);
			path = MessagesViewTests;
			sourceTree = "<group>";
		};
/* End PBXGroup section */

/* Begin PBXHeadersBuildPhase section */
		05ECAF811E7ADF8400833D84 /* Headers */ = {
			isa = PBXHeadersBuildPhase;
			buildActionMask = 2147483647;
			files = (
				05ECAF951E7ADF8400833D84 /* MessagesView.h in Headers */,
				05925ADF1E82D21B00421928 /* MessagesView.swift in Headers */,
				05925AE71E82E24A00421928 /* MessagesViewSettings.swift in Headers */,
			);
			runOnlyForDeploymentPostprocessing = 0;
		};
/* End PBXHeadersBuildPhase section */

/* Begin PBXNativeTarget section */
		055DA17B1E9296600091279C /* Demo */ = {
			isa = PBXNativeTarget;
			buildConfigurationList = 055DA1A71E9296600091279C /* Build configuration list for PBXNativeTarget "Demo" */;
			buildPhases = (
				055DA1781E9296600091279C /* Sources */,
				055DA1791E9296600091279C /* Frameworks */,
				055DA17A1E9296600091279C /* Resources */,
				055DA1AE1E9296F80091279C /* Embed Frameworks */,
			);
			buildRules = (
			);
			dependencies = (
				055DA1AD1E9296F80091279C /* PBXTargetDependency */,
			);
			name = Demo;
			productName = Demo;
			productReference = 055DA17C1E9296600091279C /* Demo.app */;
			productType = "com.apple.product-type.application";
		};
		05ECAF831E7ADF8400833D84 /* MessagesView */ = {
			isa = PBXNativeTarget;
			buildConfigurationList = 05ECAF981E7ADF8400833D84 /* Build configuration list for PBXNativeTarget "MessagesView" */;
			buildPhases = (
				05ECAF7F1E7ADF8400833D84 /* Sources */,
				05ECAF801E7ADF8400833D84 /* Frameworks */,
				05ECAF811E7ADF8400833D84 /* Headers */,
				05ECAF821E7ADF8400833D84 /* Resources */,
			);
			buildRules = (
			);
			dependencies = (
			);
			name = MessagesView;
			productName = MessagesView;
			productReference = 05ECAF841E7ADF8400833D84 /* MessagesView.framework */;
			productType = "com.apple.product-type.framework";
		};
		05ECAF8C1E7ADF8400833D84 /* MessagesViewTests */ = {
			isa = PBXNativeTarget;
			buildConfigurationList = 05ECAF9B1E7ADF8400833D84 /* Build configuration list for PBXNativeTarget "MessagesViewTests" */;
			buildPhases = (
				05ECAF891E7ADF8400833D84 /* Sources */,
				05ECAF8A1E7ADF8400833D84 /* Frameworks */,
				05ECAF8B1E7ADF8400833D84 /* Resources */,
			);
			buildRules = (
			);
			dependencies = (
				05ECAF901E7ADF8400833D84 /* PBXTargetDependency */,
			);
			name = MessagesViewTests;
			productName = MessagesViewTests;
			productReference = 05ECAF8D1E7ADF8400833D84 /* MessagesViewTests.xctest */;
			productType = "com.apple.product-type.bundle.unit-test";
		};
/* End PBXNativeTarget section */

/* Begin PBXProject section */
		05ECAF7B1E7ADF8400833D84 /* Project object */ = {
			isa = PBXProject;
			attributes = {
				LastSwiftUpdateCheck = 0820;
				LastUpgradeCheck = 0820;
				ORGANIZATIONNAME = "pgs-dkanak";
				TargetAttributes = {
					055DA17B1E9296600091279C = {
						CreatedOnToolsVersion = 8.2.1;
						DevelopmentTeam = 36CHZQXF4C;
						ProvisioningStyle = Automatic;
					};
					05ECAF831E7ADF8400833D84 = {
						CreatedOnToolsVersion = 8.2.1;
						DevelopmentTeam = 36CHZQXF4C;
						LastSwiftMigration = 0820;
						ProvisioningStyle = Automatic;
					};
					05ECAF8C1E7ADF8400833D84 = {
						CreatedOnToolsVersion = 8.2.1;
						DevelopmentTeam = 36CHZQXF4C;
						ProvisioningStyle = Automatic;
					};
				};
			};
			buildConfigurationList = 05ECAF7E1E7ADF8400833D84 /* Build configuration list for PBXProject "MessagesView" */;
			compatibilityVersion = "Xcode 3.2";
			developmentRegion = English;
			hasScannedForEncodings = 0;
			knownRegions = (
				en,
				Base,
			);
			mainGroup = 05ECAF7A1E7ADF8400833D84;
			productRefGroup = 05ECAF851E7ADF8400833D84 /* Products */;
			projectDirPath = "";
			projectRoot = "";
			targets = (
				05ECAF831E7ADF8400833D84 /* MessagesView */,
				05ECAF8C1E7ADF8400833D84 /* MessagesViewTests */,
				055DA17B1E9296600091279C /* Demo */,
			);
		};
/* End PBXProject section */

/* Begin PBXResourcesBuildPhase section */
		055DA17A1E9296600091279C /* Resources */ = {
			isa = PBXResourcesBuildPhase;
			buildActionMask = 2147483647;
			files = (
				055DA1891E9296600091279C /* LaunchScreen.storyboard in Resources */,
				055DA1861E9296600091279C /* Assets.xcassets in Resources */,
				055DA1841E9296600091279C /* Main.storyboard in Resources */,
			);
			runOnlyForDeploymentPostprocessing = 0;
		};
		05ECAF821E7ADF8400833D84 /* Resources */ = {
			isa = PBXResourcesBuildPhase;
			buildActionMask = 2147483647;
			files = (
				05ECAFB11E7ADFEF00833D84 /* MessagesToolbarContentView.xib in Resources */,
				05ECAFB31E7ADFEF00833D84 /* MessagesView.xib in Resources */,
				05ECAFAC1E7ADFEF00833D84 /* MessageCollectionViewCell.xib in Resources */,
			);
			runOnlyForDeploymentPostprocessing = 0;
		};
		05ECAF8B1E7ADF8400833D84 /* Resources */ = {
			isa = PBXResourcesBuildPhase;
			buildActionMask = 2147483647;
			files = (
			);
			runOnlyForDeploymentPostprocessing = 0;
		};
/* End PBXResourcesBuildPhase section */

/* Begin PBXSourcesBuildPhase section */
		055DA1781E9296600091279C /* Sources */ = {
			isa = PBXSourcesBuildPhase;
			buildActionMask = 2147483647;
			files = (
				055DA1B21E929CCD0091279C /* TestData.swift in Sources */,
				055DA1811E9296600091279C /* ViewController.swift in Sources */,
				055DA17F1E9296600091279C /* AppDelegate.swift in Sources */,
			);
			runOnlyForDeploymentPostprocessing = 0;
		};
		05ECAF7F1E7ADF8400833D84 /* Sources */ = {
			isa = PBXSourcesBuildPhase;
			buildActionMask = 2147483647;
			files = (
				05ECAFB01E7ADFEF00833D84 /* MessagesToolbarContentView.swift in Sources */,
				052769E61EA8F360009AB833 /* UIImage+Flipped.swift in Sources */,
				05ECAFAF1E7ADFEF00833D84 /* MessagesInputToolbar.swift in Sources */,
				05ECAFB21E7ADFEF00833D84 /* MessagesView.swift in Sources */,
				05B94A351E842FC400CAB715 /* UIColor+RGB.swift in Sources */,
				0553B2741E9CF92E00E76010 /* BubbleImage.swift in Sources */,
				05ECAFAD1E7ADFEF00833D84 /* MessageEditorTextView.swift in Sources */,
				05ECAFB71E7ADFEF00833D84 /* MessagesViewSettings.swift in Sources */,
				05ECAFAB1E7ADFEF00833D84 /* MessageCollectionViewCell.swift in Sources */,
				05ECAFAE1E7ADFEF00833D84 /* MessagesCollectionView.swift in Sources */,
			);
			runOnlyForDeploymentPostprocessing = 0;
		};
		05ECAF891E7ADF8400833D84 /* Sources */ = {
			isa = PBXSourcesBuildPhase;
			buildActionMask = 2147483647;
			files = (
				05ECAF931E7ADF8400833D84 /* MessagesViewTests.swift in Sources */,
			);
			runOnlyForDeploymentPostprocessing = 0;
		};
/* End PBXSourcesBuildPhase section */

/* Begin PBXTargetDependency section */
		055DA1AD1E9296F80091279C /* PBXTargetDependency */ = {
			isa = PBXTargetDependency;
			target = 05ECAF831E7ADF8400833D84 /* MessagesView */;
			targetProxy = 055DA1AC1E9296F80091279C /* PBXContainerItemProxy */;
		};
		05ECAF901E7ADF8400833D84 /* PBXTargetDependency */ = {
			isa = PBXTargetDependency;
			target = 05ECAF831E7ADF8400833D84 /* MessagesView */;
			targetProxy = 05ECAF8F1E7ADF8400833D84 /* PBXContainerItemProxy */;
		};
/* End PBXTargetDependency section */

/* Begin PBXVariantGroup section */
		055DA1821E9296600091279C /* Main.storyboard */ = {
			isa = PBXVariantGroup;
			children = (
				055DA1831E9296600091279C /* Base */,
			);
			name = Main.storyboard;
			sourceTree = "<group>";
		};
		055DA1871E9296600091279C /* LaunchScreen.storyboard */ = {
			isa = PBXVariantGroup;
			children = (
				055DA1881E9296600091279C /* Base */,
			);
			name = LaunchScreen.storyboard;
			sourceTree = "<group>";
		};
/* End PBXVariantGroup section */

/* Begin XCBuildConfiguration section */
		055DA1A11E9296600091279C /* Debug */ = {
			isa = XCBuildConfiguration;
			buildSettings = {
				ALWAYS_EMBED_SWIFT_STANDARD_LIBRARIES = YES;
				ASSETCATALOG_COMPILER_APPICON_NAME = AppIcon;
				DEVELOPMENT_TEAM = 36CHZQXF4C;
				INFOPLIST_FILE = Demo/Info.plist;
				IPHONEOS_DEPLOYMENT_TARGET = 9.0;
				LD_RUNPATH_SEARCH_PATHS = "$(inherited) @executable_path/Frameworks";
				PRODUCT_BUNDLE_IDENTIFIER = com.pgs.Demo;
				PRODUCT_NAME = "$(TARGET_NAME)";
				SWIFT_VERSION = 3.0;
			};
			name = Debug;
		};
		055DA1A21E9296600091279C /* Release */ = {
			isa = XCBuildConfiguration;
			buildSettings = {
				ALWAYS_EMBED_SWIFT_STANDARD_LIBRARIES = YES;
				ASSETCATALOG_COMPILER_APPICON_NAME = AppIcon;
				DEVELOPMENT_TEAM = 36CHZQXF4C;
				INFOPLIST_FILE = Demo/Info.plist;
				IPHONEOS_DEPLOYMENT_TARGET = 9.0;
				LD_RUNPATH_SEARCH_PATHS = "$(inherited) @executable_path/Frameworks";
				PRODUCT_BUNDLE_IDENTIFIER = com.pgs.Demo;
				PRODUCT_NAME = "$(TARGET_NAME)";
				SWIFT_VERSION = 3.0;
			};
			name = Release;
		};
		05ECAF961E7ADF8400833D84 /* Debug */ = {
			isa = XCBuildConfiguration;
			buildSettings = {
				ALWAYS_SEARCH_USER_PATHS = NO;
				CLANG_ANALYZER_NONNULL = YES;
				CLANG_CXX_LANGUAGE_STANDARD = "gnu++0x";
				CLANG_CXX_LIBRARY = "libc++";
				CLANG_ENABLE_MODULES = YES;
				CLANG_ENABLE_OBJC_ARC = YES;
				CLANG_WARN_BOOL_CONVERSION = YES;
				CLANG_WARN_CONSTANT_CONVERSION = YES;
				CLANG_WARN_DIRECT_OBJC_ISA_USAGE = YES_ERROR;
				CLANG_WARN_DOCUMENTATION_COMMENTS = YES;
				CLANG_WARN_EMPTY_BODY = YES;
				CLANG_WARN_ENUM_CONVERSION = YES;
				CLANG_WARN_INFINITE_RECURSION = YES;
				CLANG_WARN_INT_CONVERSION = YES;
				CLANG_WARN_OBJC_ROOT_CLASS = YES_ERROR;
				CLANG_WARN_SUSPICIOUS_MOVE = YES;
				CLANG_WARN_UNREACHABLE_CODE = YES;
				CLANG_WARN__DUPLICATE_METHOD_MATCH = YES;
				"CODE_SIGN_IDENTITY[sdk=iphoneos*]" = "iPhone Developer";
				COPY_PHASE_STRIP = NO;
				CURRENT_PROJECT_VERSION = 1;
				DEBUG_INFORMATION_FORMAT = dwarf;
				ENABLE_STRICT_OBJC_MSGSEND = YES;
				ENABLE_TESTABILITY = YES;
				GCC_C_LANGUAGE_STANDARD = gnu99;
				GCC_DYNAMIC_NO_PIC = NO;
				GCC_NO_COMMON_BLOCKS = YES;
				GCC_OPTIMIZATION_LEVEL = 0;
				GCC_PREPROCESSOR_DEFINITIONS = (
					"DEBUG=1",
					"$(inherited)",
				);
				GCC_WARN_64_TO_32_BIT_CONVERSION = YES;
				GCC_WARN_ABOUT_RETURN_TYPE = YES_ERROR;
				GCC_WARN_UNDECLARED_SELECTOR = YES;
				GCC_WARN_UNINITIALIZED_AUTOS = YES_AGGRESSIVE;
				GCC_WARN_UNUSED_FUNCTION = YES;
				GCC_WARN_UNUSED_VARIABLE = YES;
				IPHONEOS_DEPLOYMENT_TARGET = 9.0;
				MTL_ENABLE_DEBUG_INFO = YES;
				ONLY_ACTIVE_ARCH = YES;
				SDKROOT = iphoneos;
				SWIFT_ACTIVE_COMPILATION_CONDITIONS = DEBUG;
				SWIFT_OPTIMIZATION_LEVEL = "-Onone";
				TARGETED_DEVICE_FAMILY = "1,2";
				VERSIONING_SYSTEM = "apple-generic";
				VERSION_INFO_PREFIX = "";
			};
			name = Debug;
		};
		05ECAF971E7ADF8400833D84 /* Release */ = {
			isa = XCBuildConfiguration;
			buildSettings = {
				ALWAYS_SEARCH_USER_PATHS = NO;
				CLANG_ANALYZER_NONNULL = YES;
				CLANG_CXX_LANGUAGE_STANDARD = "gnu++0x";
				CLANG_CXX_LIBRARY = "libc++";
				CLANG_ENABLE_MODULES = YES;
				CLANG_ENABLE_OBJC_ARC = YES;
				CLANG_WARN_BOOL_CONVERSION = YES;
				CLANG_WARN_CONSTANT_CONVERSION = YES;
				CLANG_WARN_DIRECT_OBJC_ISA_USAGE = YES_ERROR;
				CLANG_WARN_DOCUMENTATION_COMMENTS = YES;
				CLANG_WARN_EMPTY_BODY = YES;
				CLANG_WARN_ENUM_CONVERSION = YES;
				CLANG_WARN_INFINITE_RECURSION = YES;
				CLANG_WARN_INT_CONVERSION = YES;
				CLANG_WARN_OBJC_ROOT_CLASS = YES_ERROR;
				CLANG_WARN_SUSPICIOUS_MOVE = YES;
				CLANG_WARN_UNREACHABLE_CODE = YES;
				CLANG_WARN__DUPLICATE_METHOD_MATCH = YES;
				"CODE_SIGN_IDENTITY[sdk=iphoneos*]" = "iPhone Developer";
				COPY_PHASE_STRIP = NO;
				CURRENT_PROJECT_VERSION = 1;
				DEBUG_INFORMATION_FORMAT = "dwarf-with-dsym";
				ENABLE_NS_ASSERTIONS = NO;
				ENABLE_STRICT_OBJC_MSGSEND = YES;
				GCC_C_LANGUAGE_STANDARD = gnu99;
				GCC_NO_COMMON_BLOCKS = YES;
				GCC_WARN_64_TO_32_BIT_CONVERSION = YES;
				GCC_WARN_ABOUT_RETURN_TYPE = YES_ERROR;
				GCC_WARN_UNDECLARED_SELECTOR = YES;
				GCC_WARN_UNINITIALIZED_AUTOS = YES_AGGRESSIVE;
				GCC_WARN_UNUSED_FUNCTION = YES;
				GCC_WARN_UNUSED_VARIABLE = YES;
				IPHONEOS_DEPLOYMENT_TARGET = 9.0;
				MTL_ENABLE_DEBUG_INFO = NO;
				SDKROOT = iphoneos;
				SWIFT_OPTIMIZATION_LEVEL = "-Owholemodule";
				TARGETED_DEVICE_FAMILY = "1,2";
				VALIDATE_PRODUCT = YES;
				VERSIONING_SYSTEM = "apple-generic";
				VERSION_INFO_PREFIX = "";
			};
			name = Release;
		};
		05ECAF991E7ADF8400833D84 /* Debug */ = {
			isa = XCBuildConfiguration;
			buildSettings = {
				CLANG_ENABLE_MODULES = YES;
				CODE_SIGN_IDENTITY = "";
				DEFINES_MODULE = YES;
				DEVELOPMENT_TEAM = 36CHZQXF4C;
				DYLIB_COMPATIBILITY_VERSION = 1;
				DYLIB_CURRENT_VERSION = 1;
				DYLIB_INSTALL_NAME_BASE = "@rpath";
				INFOPLIST_FILE = MessagesView/Info.plist;
				INSTALL_PATH = "$(LOCAL_LIBRARY_DIR)/Frameworks";
				IPHONEOS_DEPLOYMENT_TARGET = 9.0;
				LD_RUNPATH_SEARCH_PATHS = "$(inherited) @executable_path/Frameworks @loader_path/Frameworks";
				PRODUCT_BUNDLE_IDENTIFIER = com.pgs.MessagesView;
				PRODUCT_NAME = "$(TARGET_NAME)";
				SKIP_INSTALL = YES;
				SWIFT_OPTIMIZATION_LEVEL = "-Onone";
				SWIFT_VERSION = 3.0;
			};
			name = Debug;
		};
		05ECAF9A1E7ADF8400833D84 /* Release */ = {
			isa = XCBuildConfiguration;
			buildSettings = {
				CLANG_ENABLE_MODULES = YES;
				CODE_SIGN_IDENTITY = "";
				DEFINES_MODULE = YES;
				DEVELOPMENT_TEAM = 36CHZQXF4C;
				DYLIB_COMPATIBILITY_VERSION = 1;
				DYLIB_CURRENT_VERSION = 1;
				DYLIB_INSTALL_NAME_BASE = "@rpath";
				INFOPLIST_FILE = MessagesView/Info.plist;
				INSTALL_PATH = "$(LOCAL_LIBRARY_DIR)/Frameworks";
				IPHONEOS_DEPLOYMENT_TARGET = 9.0;
				LD_RUNPATH_SEARCH_PATHS = "$(inherited) @executable_path/Frameworks @loader_path/Frameworks";
				PRODUCT_BUNDLE_IDENTIFIER = com.pgs.MessagesView;
				PRODUCT_NAME = "$(TARGET_NAME)";
				SKIP_INSTALL = YES;
				SWIFT_VERSION = 3.0;
			};
			name = Release;
		};
		05ECAF9C1E7ADF8400833D84 /* Debug */ = {
			isa = XCBuildConfiguration;
			buildSettings = {
				ALWAYS_EMBED_SWIFT_STANDARD_LIBRARIES = YES;
				DEVELOPMENT_TEAM = 36CHZQXF4C;
				INFOPLIST_FILE = MessagesViewTests/Info.plist;
				LD_RUNPATH_SEARCH_PATHS = "$(inherited) @executable_path/Frameworks @loader_path/Frameworks";
				PRODUCT_BUNDLE_IDENTIFIER = com.pgs.MessagesViewTests;
				PRODUCT_NAME = "$(TARGET_NAME)";
				SWIFT_VERSION = 3.0;
			};
			name = Debug;
		};
		05ECAF9D1E7ADF8400833D84 /* Release */ = {
			isa = XCBuildConfiguration;
			buildSettings = {
				ALWAYS_EMBED_SWIFT_STANDARD_LIBRARIES = YES;
				DEVELOPMENT_TEAM = 36CHZQXF4C;
				INFOPLIST_FILE = MessagesViewTests/Info.plist;
				LD_RUNPATH_SEARCH_PATHS = "$(inherited) @executable_path/Frameworks @loader_path/Frameworks";
				PRODUCT_BUNDLE_IDENTIFIER = com.pgs.MessagesViewTests;
				PRODUCT_NAME = "$(TARGET_NAME)";
				SWIFT_VERSION = 3.0;
			};
			name = Release;
		};
/* End XCBuildConfiguration section */

/* Begin XCConfigurationList section */
		055DA1A71E9296600091279C /* Build configuration list for PBXNativeTarget "Demo" */ = {
			isa = XCConfigurationList;
			buildConfigurations = (
				055DA1A11E9296600091279C /* Debug */,
				055DA1A21E9296600091279C /* Release */,
			);
			defaultConfigurationIsVisible = 0;
			defaultConfigurationName = Release;
		};
		05ECAF7E1E7ADF8400833D84 /* Build configuration list for PBXProject "MessagesView" */ = {
			isa = XCConfigurationList;
			buildConfigurations = (
				05ECAF961E7ADF8400833D84 /* Debug */,
				05ECAF971E7ADF8400833D84 /* Release */,
			);
			defaultConfigurationIsVisible = 0;
			defaultConfigurationName = Release;
		};
		05ECAF981E7ADF8400833D84 /* Build configuration list for PBXNativeTarget "MessagesView" */ = {
			isa = XCConfigurationList;
			buildConfigurations = (
				05ECAF991E7ADF8400833D84 /* Debug */,
				05ECAF9A1E7ADF8400833D84 /* Release */,
			);
			defaultConfigurationIsVisible = 0;
			defaultConfigurationName = Release;
		};
		05ECAF9B1E7ADF8400833D84 /* Build configuration list for PBXNativeTarget "MessagesViewTests" */ = {
			isa = XCConfigurationList;
			buildConfigurations = (
				05ECAF9C1E7ADF8400833D84 /* Debug */,
				05ECAF9D1E7ADF8400833D84 /* Release */,
			);
			defaultConfigurationIsVisible = 0;
			defaultConfigurationName = Release;
		};
/* End XCConfigurationList section */
	};
	rootObject = 05ECAF7B1E7ADF8400833D84 /* Project object */;
}
